
Microsoft Visual Studio Solution File, Format Version 12.00
# Visual Studio 14
VisualStudioVersion = 14.0.25420.1
MinimumVisualStudioVersion = 10.0.40219.1
Project("{FAE04EC0-301F-11D3-BF4B-00C04F79EFBC}") = "RepositoryAndUnitOfWorkMS", "RepositoryAndUnitOfWorkMS\RepositoryAndUnitOfWorkMS.csproj", "{E2616C55-EABE-4357-8E7F-5E7BC824F929}"
EndProject
Project("{FAE04EC0-301F-11D3-BF4B-00C04F79EFBC}") = "RepositoryAndUnitOfWorkCodeProject", "RepositoryAndUnitOfWorkCodeProject\RepositoryAndUnitOfWorkCodeProject.csproj", "{C2E0DCC8-2E29-45AD-8CBD-58F422069641}"
EndProject
Global
	GlobalSection(SolutionConfigurationPlatforms) = preSolution
		Debug|Any CPU = Debug|Any CPU
		Release|Any CPU = Release|Any CPU
	EndGlobalSection
	GlobalSection(ProjectConfigurationPlatforms) = postSolution
		{E2616C55-EABE-4357-8E7F-5E7BC824F929}.Debug|Any CPU.ActiveCfg = Debug|Any CPU
		{E2616C55-EABE-4357-8E7F-5E7BC824F929}.Debug|Any CPU.Build.0 = Debug|Any CPU
		{E2616C55-EABE-4357-8E7F-5E7BC824F929}.Release|Any CPU.ActiveCfg = Release|Any CPU
		{E2616C55-EABE-4357-8E7F-5E7BC824F929}.Release|Any CPU.Build.0 = Release|Any CPU
		{C2E0DCC8-2E29-45AD-8CBD-58F422069641}.Debug|Any CPU.ActiveCfg = Debug|Any CPU
		{C2E0DCC8-2E29-45AD-8CBD-58F422069641}.Debug|Any CPU.Build.0 = Debug|Any CPU
		{C2E0DCC8-2E29-45AD-8CBD-58F422069641}.Release|Any CPU.ActiveCfg = Release|Any CPU
		{C2E0DCC8-2E29-45AD-8CBD-58F422069641}.Release|Any CPU.Build.0 = Release|Any CPU
	EndGlobalSection
	GlobalSection(SolutionProperties) = preSolution
		HideSolutionNode = FALSE
	EndGlobalSection
EndGlobal
